# This file is automatically @generated by Cargo.
# It is not intended for manual editing.
version = 3

[[package]]
name = "bnum"
version = "0.10.0"
source = "registry+https://github.com/rust-lang/crates.io-index"
checksum = "56953345e39537a3e18bdaeba4cb0c58a78c1f61f361dc0fa7c5c7340ae87c5f"

[[package]]
name = "genhash"
version = "0.1.0"
dependencies = [
 "bnum",
]
